<?xml version="1.0" encoding="utf-8"?>
<Project ToolsVersion="4.0" xmlns="http://schemas.microsoft.com/developer/msbuild/2003">
  <ItemGroup>
    <Filter Include="Source Files">
      <UniqueIdentifier>{4FC737F1-C7A5-4376-A066-2A32D752A2FF}</UniqueIdentifier>
      <Extensions>cpp;c;cc;cxx;def;odl;idl;hpj;bat;asm;asmx</Extensions>
    </Filter>
    <Filter Include="Header Files">
      <UniqueIdentifier>{93995380-89BD-4b04-88EB-625FBE52EBFB}</UniqueIdentifier>
      <Extensions>h;hh;hpp;hxx;hm;inl;inc;xsd</Extensions>
    </Filter>
    <Filter Include="Resource Files">
      <UniqueIdentifier>{67DA6AB6-F800-4c08-8B7A-83BB121AAD01}</UniqueIdentifier>
      <Extensions>rc;ico;cur;bmp;dlg;rc2;rct;bin;rgs;gif;jpg;jpeg;jpe;resx;tiff;tif;png;wav;mfcribbon-ms</Extensions>
    </Filter>
    <Filter Include="Header Files\models">
      <UniqueIdentifier>{26634393-4031-4c1e-8b27-5d807c610f98}</UniqueIdentifier>
    </Filter>
    <Filter Include="Header Files\gamestates">
      <UniqueIdentifier>{4625dbaf-f2a0-4706-ae5c-45b918d7acf6}</UniqueIdentifier>
    </Filter>
    <Filter Include="Source Files\states">
      <UniqueIdentifier>{b35a1a64-83ec-4c4c-a2f8-e47a0b3d4e32}</UniqueIdentifier>
    </Filter>
    <Filter Include="Source Files\objectmodels">
      <UniqueIdentifier>{8a8d0673-e78e-4924-a11b-310edb67eb3e}</UniqueIdentifier>
    </Filter>
    <Filter Include="Source Files\Overlays">
      <UniqueIdentifier>{3332097e-53ea-481b-985a-f27caf3ebc5a}</UniqueIdentifier>
    </Filter>
    <Filter Include="Header Files\overlays">
      <UniqueIdentifier>{296d5a55-48d6-4d7e-9f47-2a5cb612b4a8}</UniqueIdentifier>
    </Filter>
  </ItemGroup>
  <ItemGroup>
    <ClCompile Include="Main.cpp">
      <Filter>Source Files</Filter>
    </ClCompile>
    <ClCompile Include="KeyHandler.cpp">
      <Filter>Source Files</Filter>
    </ClCompile>
    <ClCompile Include="Extinguisher.cpp">
      <Filter>Source Files\objectmodels</Filter>
    </ClCompile>
    <ClCompile Include="ObjModel.cpp">
      <Filter>Source Files\objectmodels</Filter>
    </ClCompile>
    <ClCompile Include="GameState.cpp">
      <Filter>Source Files\states</Filter>
    </ClCompile>
    <ClCompile Include="GameStateManager.cpp">
      <Filter>Source Files\states</Filter>
    </ClCompile>
    <ClCompile Include="MenuState.cpp">
      <Filter>Source Files\states</Filter>
    </ClCompile>
    <ClCompile Include="PlayingState.cpp">
      <Filter>Source Files\states</Filter>
    </ClCompile>
    <ClCompile Include="Player.cpp">
      <Filter>Source Files</Filter>
    </ClCompile>
    <ClCompile Include="menuOverlay.cpp">
      <Filter>Source Files\Overlays</Filter>
    </ClCompile>
    <ClCompile Include="FireItem.cpp">
      <Filter>Source Files</Filter>
    </ClCompile>
    <ClCompile Include="Fire.cpp">
      <Filter>Source Files</Filter>
    </ClCompile>
    <ClCompile Include="ArrowModel.cpp">
      <Filter>Source Files</Filter>
    </ClCompile>
    <ClCompile Include="water.cpp">
      <Filter>Source Files</Filter>
    </ClCompile>
  </ItemGroup>
  <ItemGroup>
    <ClInclude Include="Camera.h">
      <Filter>Header Files</Filter>
    </ClInclude>
    <ClInclude Include="KeyHandler.h">
      <Filter>Header Files</Filter>
    </ClInclude>
    <ClInclude Include="ObjModel.h">
      <Filter>Header Files\models</Filter>
    </ClInclude>
    <ClInclude Include="GameState.h">
      <Filter>Header Files\gamestates</Filter>
    </ClInclude>
    <ClInclude Include="GameStateManager.h">
      <Filter>Header Files\gamestates</Filter>
    </ClInclude>
    <ClInclude Include="MenuState.h">
      <Filter>Header Files\gamestates</Filter>
    </ClInclude>
    <ClInclude Include="Extinguisher.h">
      <Filter>Header Files\models</Filter>
    </ClInclude>
    <ClInclude Include="stb_perlin.h">
      <Filter>Header Files</Filter>
    </ClInclude>
    <ClInclude Include="stb_image.h">
      <Filter>Header Files</Filter>
    </ClInclude>
    <ClInclude Include="PlayingState.h">
      <Filter>Header Files\gamestates</Filter>
    </ClInclude>
    <ClInclude Include="Player.h">
      <Filter>Header Files</Filter>
    </ClInclude>
    <ClInclude Include="menuOverlay.h">
      <Filter>Header Files\overlays</Filter>
    </ClInclude>
    <ClInclude Include="Main.h">
      <Filter>Header Files</Filter>
    </ClInclude>
    <ClInclude Include="FireItem.h">
      <Filter>Header Files\models</Filter>
    </ClInclude>
    <ClInclude Include="Fire.h">
      <Filter>Header Files</Filter>
    </ClInclude>
    <ClInclude Include="ArrowModel.h">
      <Filter>Header Files</Filter>
    </ClInclude>
    <ClInclude Include="water.h">
      <Filter>Header Files</Filter>
    </ClInclude>
  </ItemGroup>
</Project>